
Microsoft Visual Studio Solution File, Format Version 12.00
# Visual Studio Version 17
VisualStudioVersion = 17.1.32210.238
MinimumVisualStudioVersion = 10.0.40219.1
Project("{FAE04EC0-301F-11D3-BF4B-00C04F79EFBC}") = "My first code", "My first code\My first code.csproj", "{106236F2-357A-43F0-9EC6-11DEB8F0371F}"
EndProject
Global
	GlobalSection(SolutionConfigurationPlatforms) = preSolution
		Debug|Any CPU = Debug|Any CPU
		Release|Any CPU = Release|Any CPU
	EndGlobalSection
	GlobalSection(ProjectConfigurationPlatforms) = postSolution
		{106236F2-357A-43F0-9EC6-11DEB8F0371F}.Debug|Any CPU.ActiveCfg = Debug|Any CPU
		{106236F2-357A-43F0-9EC6-11DEB8F0371F}.Debug|Any CPU.Build.0 = Debug|Any CPU
		{106236F2-357A-43F0-9EC6-11DEB8F0371F}.Release|Any CPU.ActiveCfg = Release|Any CPU
		{106236F2-357A-43F0-9EC6-11DEB8F0371F}.Release|Any CPU.Build.0 = Release|Any CPU
	EndGlobalSection
	GlobalSection(SolutionProperties) = preSolution
		HideSolutionNode = FALSE
	EndGlobalSection
	GlobalSection(ExtensibilityGlobals) = postSolution
		SolutionGuid = {D5F41D97-9DFF-4A59-ABA2-4BB06CF6D0A3}
	EndGlobalSection
EndGlobal
